# This file is automatically @generated by Cargo.
# It is not intended for manual editing.
version = 4

[[package]]
name = "color8"
version = "0.1.0"
source = "registry+https://github.com/rust-lang/crates.io-index"
checksum = "ea3ab4a9ff5b0dd0b96efd6cab14fa53b93e5be16290ec4a00648fa5111038cc"
dependencies = [
 "lib8tion",
]

[[package]]
name = "itoa"
version = "1.0.18"
source = "registry+https://github.com/rust-lang/crates.io-index"
checksum = "8f42a60cbdf9a97f5d2305f08a87dc4e09308d1276d28c869c684d7777685682"

[[package]]
name = "lib8tion"
version = "0.1.1"
source = "registry+https://github.com/rust-lang/crates.io-index"
checksum = "5f21e4b357d0ace305f658e4e00dffd3e9195eb478f1e59adf98f37021ffbb1f"

[[package]]
name = "libm"
version = "0.2.16"
source = "registry+https://github.com/rust-lang/crates.io-index"
checksum = "b6d2cec3eae94f9f509c767b45932f1ada8350c4bdb85af2fcab4a3c14807981"

[[package]]
name = "luxa-api"
version = "0.1.0"
dependencies = [
 "luxa-core",
 "luxa-msg",
 "ser-write-json",
 "serde",
 "serde_json",
]

[[package]]
name = "luxa-canvas"
version = "0.1.0"
dependencies = [
 "luxa-color",
]

[[package]]
name = "luxa-color"
version = "0.1.0"
dependencies = [
 "color8",
 "libm",
]

[[package]]
name = "luxa-core"
version = "0.1.0"
dependencies = [
 "luxa-color",
 "luxa-msg",
]

[[package]]
name = "luxa-effect"
version = "0.1.0"
dependencies = [
 "luxa-color",
]

[[package]]
name = "luxa-msg"
version = "0.1.0"
dependencies = [
 "luxa-color",
]

[[package]]
name = "luxa-output"
version = "0.1.0"
dependencies = [
 "luxa-color",
]

[[package]]
name = "luxa-segment"
version = "0.1.0"
dependencies = [
 "luxa-canvas",
 "luxa-color",
 "luxa-core",
 "luxa-effect",
 "luxa-msg",
 "luxa-output",
 "luxa-wire",
]

[[package]]
name = "luxa-wire"
version = "0.1.0"
dependencies = [
 "luxa-color",
]

[[package]]
name = "memchr"
version = "2.8.3"
source = "registry+https://github.com/rust-lang/crates.io-index"
checksum = "cf8baf1c55e62ffcace7a9f06f4bd9cd3f0c4beb022d3b367256b91b87513d98"

[[package]]
name = "proc-macro2"
version = "1.0.107"
source = "registry+https://github.com/rust-lang/crates.io-index"
checksum = "985e7ec9bb745e6ce6535b544d84d6cd6f7ad8bd711c398938ae983b91a766d9"
dependencies = [
 "unicode-ident",
]

[[package]]
name = "quote"
version = "1.0.47"
source = "registry+https://github.com/rust-lang/crates.io-index"
checksum = "1fbf4db142a473a8d80c26bbf18454ed458bf8d26c8219c331daecfdbd079001"
dependencies = [
 "proc-macro2",
]

[[package]]
name = "ryu-js"
version = "1.0.3"
source = "registry+https://github.com/rust-lang/crates.io-index"
checksum = "04d056b875a9d2e6cb9a61d127afee9ac5999b9f87bcb32079d1318e505be714"

[[package]]
name = "ser-write"
version = "0.4.1"
source = "registry+https://github.com/rust-lang/crates.io-index"
checksum = "407b4e6b7430b41d3fd87ed69752ab8f861cf81da9e529af8bc143e75916bcb2"

[[package]]
name = "ser-write-json"
version = "0.4.0"
source = "registry+https://github.com/rust-lang/crates.io-index"
checksum = "051293802d4b15d3c28e40fd53254331722215b34704ef9e82bf6bf01733b833"
dependencies = [
 "ryu-js",
 "ser-write",
 "serde",
]

[[package]]
name = "serde"
version = "1.0.229"
source = "registry+https://github.com/rust-lang/crates.io-index"
checksum = "4148590afebada386688f18773da617792bf2ef03ffc1e4cbd2b1d45b023e0ba"
dependencies = [
 "serde_core",
]

[[package]]
name = "serde_core"
version = "1.0.229"
source = "registry+https://github.com/rust-lang/crates.io-index"
checksum = "67dca2c9c51e58a4791a4b1ed58308b39c64224d349a935ab5039aa360942a48"
dependencies = [
 "serde_derive",
]

[[package]]
name = "serde_derive"
version = "1.0.229"
source = "registry+https://github.com/rust-lang/crates.io-index"
checksum = "e7a5d71263a5a7d47b41f6b3f06ba276f10cc18b0931f1799f710578e2309348"
dependencies = [
 "proc-macro2",
 "quote",
 "syn",
]

[[package]]
name = "serde_json"
version = "1.0.151"
source = "registry+https://github.com/rust-lang/crates.io-index"
checksum = "c841b55ecdae098c80dcae9cf767f6f8a0c2cdb3416bbef72181df4d0fe73f14"
dependencies = [
 "itoa",
 "memchr",
 "serde",
 "serde_core",
 "zmij",
]

[[package]]
name = "syn"
version = "3.0.5"
source = "registry+https://github.com/rust-lang/crates.io-index"
checksum = "12df2e0110f65b775f769bb17ef989067a1d931b2eb822bd4346631eeada89f9"
dependencies = [
 "proc-macro2",
 "quote",
 "unicode-ident",
]

[[package]]
name = "unicode-ident"
version = "1.0.24"
source = "registry+https://github.com/rust-lang/crates.io-index"
checksum = "e6e4313cd5fcd3dad5cafa179702e2b244f760991f45397d14d4ebf38247da75"

[[package]]
name = "zmij"
version = "1.0.23"
source = "registry+https://github.com/rust-lang/crates.io-index"
checksum = "29666d0abbfad1e3dc4dcf6144730dd3a3ab225bbbdac83319345b1b44ccfc1b"
