# This file is automatically @generated by Cargo.
# It is not intended for manual editing.
version = 4

[[package]]
name = "color8"
version = "0.1.0"
source = "registry+https://github.com/rust-lang/crates.io-index"
checksum = "ea3ab4a9ff5b0dd0b96efd6cab14fa53b93e5be16290ec4a00648fa5111038cc"
dependencies = [
 "lib8tion",
]

[[package]]
name = "lib8tion"
version = "0.1.1"
source = "registry+https://github.com/rust-lang/crates.io-index"
checksum = "5f21e4b357d0ace305f658e4e00dffd3e9195eb478f1e59adf98f37021ffbb1f"

[[package]]
name = "luxa-canvas"
version = "0.1.0"
dependencies = [
 "luxa-color",
]

[[package]]
name = "luxa-color"
version = "0.1.0"
dependencies = [
 "color8",
]

[[package]]
name = "luxa-core"
version = "0.1.0"
dependencies = [
 "luxa-msg",
]

[[package]]
name = "luxa-effect"
version = "0.1.0"
dependencies = [
 "luxa-color",
]

[[package]]
name = "luxa-msg"
version = "0.1.0"

[[package]]
name = "luxa-output"
version = "0.1.0"
dependencies = [
 "luxa-color",
 "luxa-msg",
]

[[package]]
name = "luxa-segment"
version = "0.1.0"
dependencies = [
 "luxa-canvas",
 "luxa-color",
 "luxa-core",
 "luxa-effect",
 "luxa-msg",
 "luxa-output",
 "luxa-wire",
]

[[package]]
name = "luxa-wire"
version = "0.1.0"
dependencies = [
 "luxa-color",
]
